
Microsoft Visual Studio Solution File, Format Version 12.00
# Visual Studio Version 16
VisualStudioVersion = 16.0.33423.256
MinimumVisualStudioVersion = 10.0.40219.1
Project("{D2ABAB84-BF74-430A-B69E-9DC6D40DDA17}") = "FinalProjectDataMining", "FinalProjectDataMining\FinalProjectDataMining.dwproj", "{E1B8B94F-AB79-46C2-A0FD-1D2C2674A4AD}"
EndProject
Global
	GlobalSection(SolutionConfigurationPlatforms) = preSolution
		Development|Default = Development|Default
	EndGlobalSection
	GlobalSection(ProjectConfigurationPlatforms) = postSolution
		{E1B8B94F-AB79-46C2-A0FD-1D2C2674A4AD}.Development|Default.ActiveCfg = Development
		{E1B8B94F-AB79-46C2-A0FD-1D2C2674A4AD}.Development|Default.Build.0 = Development
		{E1B8B94F-AB79-46C2-A0FD-1D2C2674A4AD}.Development|Default.Deploy.0 = Development
	EndGlobalSection
	GlobalSection(SolutionProperties) = preSolution
		HideSolutionNode = FALSE
	EndGlobalSection
	GlobalSection(ExtensibilityGlobals) = postSolution
		SolutionGuid = {6416622C-37E2-4488-A531-3BFE963D462D}
	EndGlobalSection
EndGlobal
